
Microsoft Visual Studio Solution File, Format Version 12.00
# Visual Studio Version 17
VisualStudioVersion = 17.8.34525.116
MinimumVisualStudioVersion = 10.0.40219.1
Project("{9A19103F-16F7-4668-BE54-9A1E7A4F7556}") = "TareasPendientes.API", "TareasPendientes.API\TareasPendientes.API.csproj", "{9AC3892E-9551-4F68-A38B-866DFA6489CC}"
EndProject
Project("{9A19103F-16F7-4668-BE54-9A1E7A4F7556}") = "TareasPendientes.Models", "TareasPendientes.Models\TareasPendientes.Models.csproj", "{A4ECDA42-B244-40EA-9C49-0C14E756DA76}"
EndProject
Project("{9A19103F-16F7-4668-BE54-9A1E7A4F7556}") = "TareasPendientes.UI", "TareasPendientes.UI\TareasPendientes.UI.csproj", "{FB613E1D-440C-48B6-AAA2-70E991B136F6}"
EndProject
Global
	GlobalSection(SolutionConfigurationPlatforms) = preSolution
		Debug|Any CPU = Debug|Any CPU
		Release|Any CPU = Release|Any CPU
	EndGlobalSection
	GlobalSection(ProjectConfigurationPlatforms) = postSolution
		{9AC3892E-9551-4F68-A38B-866DFA6489CC}.Debug|Any CPU.ActiveCfg = Debug|Any CPU
		{9AC3892E-9551-4F68-A38B-866DFA6489CC}.Debug|Any CPU.Build.0 = Debug|Any CPU
		{9AC3892E-9551-4F68-A38B-866DFA6489CC}.Release|Any CPU.ActiveCfg = Release|Any CPU
		{9AC3892E-9551-4F68-A38B-866DFA6489CC}.Release|Any CPU.Build.0 = Release|Any CPU
		{A4ECDA42-B244-40EA-9C49-0C14E756DA76}.Debug|Any CPU.ActiveCfg = Debug|Any CPU
		{A4ECDA42-B244-40EA-9C49-0C14E756DA76}.Debug|Any CPU.Build.0 = Debug|Any CPU
		{A4ECDA42-B244-40EA-9C49-0C14E756DA76}.Release|Any CPU.ActiveCfg = Release|Any CPU
		{A4ECDA42-B244-40EA-9C49-0C14E756DA76}.Release|Any CPU.Build.0 = Release|Any CPU
		{FB613E1D-440C-48B6-AAA2-70E991B136F6}.Debug|Any CPU.ActiveCfg = Debug|Any CPU
		{FB613E1D-440C-48B6-AAA2-70E991B136F6}.Debug|Any CPU.Build.0 = Debug|Any CPU
		{FB613E1D-440C-48B6-AAA2-70E991B136F6}.Release|Any CPU.ActiveCfg = Release|Any CPU
		{FB613E1D-440C-48B6-AAA2-70E991B136F6}.Release|Any CPU.Build.0 = Release|Any CPU
	EndGlobalSection
	GlobalSection(SolutionProperties) = preSolution
		HideSolutionNode = FALSE
	EndGlobalSection
	GlobalSection(ExtensibilityGlobals) = postSolution
		SolutionGuid = {FDE2E94D-5B53-4849-93B6-C4794033C786}
	EndGlobalSection
EndGlobal
